// !$*UTF8*$!
{
	archiveVersion = 1;
	classes = {
	};
	objectVersion = 55;
	objects = {

/* Begin PBXBuildFile section */
		4DE4A9D7BAC1D3B184525D38 /* Pods_UberCloneCoding.framework in Frameworks */ = {isa = PBXBuildFile; fileRef = ECA82611CFA8C0A94A8A10B8 /* Pods_UberCloneCoding.framework */; };
		D80802AB282D3FC600B58ADD /* .gitignore in Resources */ = {isa = PBXBuildFile; fileRef = D80802AA282D3FC600B58ADD /* .gitignore */; };
		D80802AD282D413100B58ADD /* GoogleService-Info.plist in Resources */ = {isa = PBXBuildFile; fileRef = D80802AC282D413100B58ADD /* GoogleService-Info.plist */; };
		D80802AF282D507500B58ADD /* HomeController.swift in Sources */ = {isa = PBXBuildFile; fileRef = D80802AE282D507500B58ADD /* HomeController.swift */; };
		D8DEDCC7282B77720081A172 /* AppDelegate.swift in Sources */ = {isa = PBXBuildFile; fileRef = D8DEDCC6282B77720081A172 /* AppDelegate.swift */; };
		D8DEDCC9282B77720081A172 /* SceneDelegate.swift in Sources */ = {isa = PBXBuildFile; fileRef = D8DEDCC8282B77720081A172 /* SceneDelegate.swift */; };
		D8DEDCCE282B77720081A172 /* Main.storyboard in Resources */ = {isa = PBXBuildFile; fileRef = D8DEDCCC282B77720081A172 /* Main.storyboard */; };
		D8DEDCD0282B77750081A172 /* Assets.xcassets in Resources */ = {isa = PBXBuildFile; fileRef = D8DEDCCF282B77750081A172 /* Assets.xcassets */; };
		D8DEDCD3282B77750081A172 /* LaunchScreen.storyboard in Resources */ = {isa = PBXBuildFile; fileRef = D8DEDCD1282B77750081A172 /* LaunchScreen.storyboard */; };
		D8DEDCE2282B79870081A172 /* LoginController.swift in Sources */ = {isa = PBXBuildFile; fileRef = D8DEDCE1282B79870081A172 /* LoginController.swift */; };
		D8DEDCE4282B7DD90081A172 /* Extensions.swift in Sources */ = {isa = PBXBuildFile; fileRef = D8DEDCE3282B7DD90081A172 /* Extensions.swift */; };
		D8DEDCE6282B95EB0081A172 /* SignUpController.swift in Sources */ = {isa = PBXBuildFile; fileRef = D8DEDCE5282B95EB0081A172 /* SignUpController.swift */; };
		D8DEDCE8282BA5CD0081A172 /* AuthButton.swift in Sources */ = {isa = PBXBuildFile; fileRef = D8DEDCE7282BA5CD0081A172 /* AuthButton.swift */; };
/* End PBXBuildFile section */

/* Begin PBXFileReference section */
		A248081793F76222466F961F /* Pods-UberCloneCoding.debug.xcconfig */ = {isa = PBXFileReference; includeInIndex = 1; lastKnownFileType = text.xcconfig; name = "Pods-UberCloneCoding.debug.xcconfig"; path = "Target Support Files/Pods-UberCloneCoding/Pods-UberCloneCoding.debug.xcconfig"; sourceTree = "<group>"; };
		D80802AA282D3FC600B58ADD /* .gitignore */ = {isa = PBXFileReference; lastKnownFileType = text; path = .gitignore; sourceTree = "<group>"; };
		D80802AC282D413100B58ADD /* GoogleService-Info.plist */ = {isa = PBXFileReference; fileEncoding = 4; lastKnownFileType = text.plist.xml; path = "GoogleService-Info.plist"; sourceTree = "<group>"; };
		D80802AE282D507500B58ADD /* HomeController.swift */ = {isa = PBXFileReference; lastKnownFileType = sourcecode.swift; path = HomeController.swift; sourceTree = "<group>"; };
		D8DEDCC3282B77720081A172 /* UberCloneCoding.app */ = {isa = PBXFileReference; explicitFileType = wrapper.application; includeInIndex = 0; path = UberCloneCoding.app; sourceTree = BUILT_PRODUCTS_DIR; };
		D8DEDCC6282B77720081A172 /* AppDelegate.swift */ = {isa = PBXFileReference; lastKnownFileType = sourcecode.swift; path = AppDelegate.swift; sourceTree = "<group>"; };
		D8DEDCC8282B77720081A172 /* SceneDelegate.swift */ = {isa = PBXFileReference; lastKnownFileType = sourcecode.swift; path = SceneDelegate.swift; sourceTree = "<group>"; };
		D8DEDCCD282B77720081A172 /* Base */ = {isa = PBXFileReference; lastKnownFileType = file.storyboard; name = Base; path = Base.lproj/Main.storyboard; sourceTree = "<group>"; };
		D8DEDCCF282B77750081A172 /* Assets.xcassets */ = {isa = PBXFileReference; lastKnownFileType = folder.assetcatalog; path = Assets.xcassets; sourceTree = "<group>"; };
		D8DEDCD2282B77750081A172 /* Base */ = {isa = PBXFileReference; lastKnownFileType = file.storyboard; name = Base; path = Base.lproj/LaunchScreen.storyboard; sourceTree = "<group>"; };
		D8DEDCD4282B77750081A172 /* Info.plist */ = {isa = PBXFileReference; lastKnownFileType = text.plist.xml; path = Info.plist; sourceTree = "<group>"; };
		D8DEDCE1282B79870081A172 /* LoginController.swift */ = {isa = PBXFileReference; lastKnownFileType = sourcecode.swift; path = LoginController.swift; sourceTree = "<group>"; };
		D8DEDCE3282B7DD90081A172 /* Extensions.swift */ = {isa = PBXFileReference; lastKnownFileType = sourcecode.swift; path = Extensions.swift; sourceTree = "<group>"; };
		D8DEDCE5282B95EB0081A172 /* SignUpController.swift */ = {isa = PBXFileReference; lastKnownFileType = sourcecode.swift; path = SignUpController.swift; sourceTree = "<group>"; };
		D8DEDCE7282BA5CD0081A172 /* AuthButton.swift */ = {isa = PBXFileReference; lastKnownFileType = sourcecode.swift; path = AuthButton.swift; sourceTree = "<group>"; };
		ECA82611CFA8C0A94A8A10B8 /* Pods_UberCloneCoding.framework */ = {isa = PBXFileReference; explicitFileType = wrapper.framework; includeInIndex = 0; path = Pods_UberCloneCoding.framework; sourceTree = BUILT_PRODUCTS_DIR; };
		F4BE5B5636D60E24CDB048DE /* Pods-UberCloneCoding.release.xcconfig */ = {isa = PBXFileReference; includeInIndex = 1; lastKnownFileType = text.xcconfig; name = "Pods-UberCloneCoding.release.xcconfig"; path = "Target Support Files/Pods-UberCloneCoding/Pods-UberCloneCoding.release.xcconfig"; sourceTree = "<group>"; };
/* End PBXFileReference section */

/* Begin PBXFrameworksBuildPhase section */
		D8DEDCC0282B77720081A172 /* Frameworks */ = {
			isa = PBXFrameworksBuildPhase;
			buildActionMask = 2147483647;
			files = (
				4DE4A9D7BAC1D3B184525D38 /* Pods_UberCloneCoding.framework in Frameworks */,
			);
			runOnlyForDeploymentPostprocessing = 0;
		};
/* End PBXFrameworksBuildPhase section */

/* Begin PBXGroup section */
		10FFBC56082EA062C7411380 /* Pods */ = {
			isa = PBXGroup;
			children = (
				A248081793F76222466F961F /* Pods-UberCloneCoding.debug.xcconfig */,
				F4BE5B5636D60E24CDB048DE /* Pods-UberCloneCoding.release.xcconfig */,
			);
			path = Pods;
			sourceTree = "<group>";
		};
		2B5F23657A1CC7FCD7CF71F0 /* Frameworks */ = {
			isa = PBXGroup;
			children = (
				ECA82611CFA8C0A94A8A10B8 /* Pods_UberCloneCoding.framework */,
			);
			name = Frameworks;
			sourceTree = "<group>";
		};
		D8DEDCBA282B77720081A172 = {
			isa = PBXGroup;
			children = (
				D80802AA282D3FC600B58ADD /* .gitignore */,
				D8DEDCC5282B77720081A172 /* UberCloneCoding */,
				D8DEDCC4282B77720081A172 /* Products */,
				10FFBC56082EA062C7411380 /* Pods */,
				2B5F23657A1CC7FCD7CF71F0 /* Frameworks */,
			);
			sourceTree = "<group>";
		};
		D8DEDCC4282B77720081A172 /* Products */ = {
			isa = PBXGroup;
			children = (
				D8DEDCC3282B77720081A172 /* UberCloneCoding.app */,
			);
			name = Products;
			sourceTree = "<group>";
		};
		D8DEDCC5282B77720081A172 /* UberCloneCoding */ = {
			isa = PBXGroup;
			children = (
				D8DEDCDE282B77C60081A172 /* Model */,
				D8DEDCDD282B77C20081A172 /* View */,
				D8DEDCDC282B77C00081A172 /* Controller */,
				D8DEDCDB282B77BD0081A172 /* Service */,
				D8DEDCDA282B77B80081A172 /* Utils */,
				D8DEDCC6282B77720081A172 /* AppDelegate.swift */,
				D8DEDCC8282B77720081A172 /* SceneDelegate.swift */,
				D8DEDCCC282B77720081A172 /* Main.storyboard */,
				D8DEDCCF282B77750081A172 /* Assets.xcassets */,
				D8DEDCD1282B77750081A172 /* LaunchScreen.storyboard */,
				D80802AC282D413100B58ADD /* GoogleService-Info.plist */,
				D8DEDCD4282B77750081A172 /* Info.plist */,
			);
			path = UberCloneCoding;
			sourceTree = "<group>";
		};
		D8DEDCDA282B77B80081A172 /* Utils */ = {
			isa = PBXGroup;
			children = (
				D8DEDCE3282B7DD90081A172 /* Extensions.swift */,
			);
			path = Utils;
			sourceTree = "<group>";
		};
		D8DEDCDB282B77BD0081A172 /* Service */ = {
			isa = PBXGroup;
			children = (
			);
			path = Service;
			sourceTree = "<group>";
		};
		D8DEDCDC282B77C00081A172 /* Controller */ = {
			isa = PBXGroup;
			children = (
				D8DEDCE1282B79870081A172 /* LoginController.swift */,
				D8DEDCE5282B95EB0081A172 /* SignUpController.swift */,
				D80802AE282D507500B58ADD /* HomeController.swift */,
			);
			path = Controller;
			sourceTree = "<group>";
		};
		D8DEDCDD282B77C20081A172 /* View */ = {
			isa = PBXGroup;
			children = (
				D8DEDCE7282BA5CD0081A172 /* AuthButton.swift */,
			);
			path = View;
			sourceTree = "<group>";
		};
		D8DEDCDE282B77C60081A172 /* Model */ = {
			isa = PBXGroup;
			children = (
			);
			path = Model;
			sourceTree = "<group>";
		};
/* End PBXGroup section */

/* Begin PBXNativeTarget section */
		D8DEDCC2282B77720081A172 /* UberCloneCoding */ = {
			isa = PBXNativeTarget;
			buildConfigurationList = D8DEDCD7282B77750081A172 /* Build configuration list for PBXNativeTarget "UberCloneCoding" */;
			buildPhases = (
				A2F0C24E33F8147A92D8A484 /* [CP] Check Pods Manifest.lock */,
				D8DEDCBF282B77720081A172 /* Sources */,
				D8DEDCC0282B77720081A172 /* Frameworks */,
				D8DEDCC1282B77720081A172 /* Resources */,
				5207EC7F5A8F39F6EE657530 /* [CP] Embed Pods Frameworks */,
			);
			buildRules = (
			);
			dependencies = (
			);
			name = UberCloneCoding;
			productName = UberCloneCoding;
			productReference = D8DEDCC3282B77720081A172 /* UberCloneCoding.app */;
			productType = "com.apple.product-type.application";
		};
/* End PBXNativeTarget section */

/* Begin PBXProject section */
		D8DEDCBB282B77720081A172 /* Project object */ = {
			isa = PBXProject;
			attributes = {
				BuildIndependentTargetsInParallel = 1;
				LastSwiftUpdateCheck = 1330;
				LastUpgradeCheck = 1330;
				TargetAttributes = {
					D8DEDCC2282B77720081A172 = {
						CreatedOnToolsVersion = 13.3;
					};
				};
			};
			buildConfigurationList = D8DEDCBE282B77720081A172 /* Build configuration list for PBXProject "UberCloneCoding" */;
			compatibilityVersion = "Xcode 13.0";
			developmentRegion = en;
			hasScannedForEncodings = 0;
			knownRegions = (
				en,
				Base,
			);
			mainGroup = D8DEDCBA282B77720081A172;
			productRefGroup = D8DEDCC4282B77720081A172 /* Products */;
			projectDirPath = "";
			projectRoot = "";
			targets = (
				D8DEDCC2282B77720081A172 /* UberCloneCoding */,
			);
		};
/* End PBXProject section */

/* Begin PBXResourcesBuildPhase section */
		D8DEDCC1282B77720081A172 /* Resources */ = {
			isa = PBXResourcesBuildPhase;
			buildActionMask = 2147483647;
			files = (
				D80802AB282D3FC600B58ADD /* .gitignore in Resources */,
				D8DEDCD3282B77750081A172 /* LaunchScreen.storyboard in Resources */,
				D80802AD282D413100B58ADD /* GoogleService-Info.plist in Resources */,
				D8DEDCD0282B77750081A172 /* Assets.xcassets in Resources */,
				D8DEDCCE282B77720081A172 /* Main.storyboard in Resources */,
			);
			runOnlyForDeploymentPostprocessing = 0;
		};
/* End PBXResourcesBuildPhase section */

/* Begin PBXShellScriptBuildPhase section */
		5207EC7F5A8F39F6EE657530 /* [CP] Embed Pods Frameworks */ = {
			isa = PBXShellScriptBuildPhase;
			buildActionMask = 2147483647;
			files = (
			);
			inputFileListPaths = (
				"${PODS_ROOT}/Target Support Files/Pods-UberCloneCoding/Pods-UberCloneCoding-frameworks-${CONFIGURATION}-input-files.xcfilelist",
			);
			name = "[CP] Embed Pods Frameworks";
			outputFileListPaths = (
				"${PODS_ROOT}/Target Support Files/Pods-UberCloneCoding/Pods-UberCloneCoding-frameworks-${CONFIGURATION}-output-files.xcfilelist",
			);
			runOnlyForDeploymentPostprocessing = 0;
			shellPath = /bin/sh;
			shellScript = "\"${PODS_ROOT}/Target Support Files/Pods-UberCloneCoding/Pods-UberCloneCoding-frameworks.sh\"\n";
			showEnvVarsInLog = 0;
		};
		A2F0C24E33F8147A92D8A484 /* [CP] Check Pods Manifest.lock */ = {
			isa = PBXShellScriptBuildPhase;
			buildActionMask = 2147483647;
			files = (
			);
			inputFileListPaths = (
			);
			inputPaths = (
				"${PODS_PODFILE_DIR_PATH}/Podfile.lock",
				"${PODS_ROOT}/Manifest.lock",
			);
			name = "[CP] Check Pods Manifest.lock";
			outputFileListPaths = (
			);
			outputPaths = (
				"$(DERIVED_FILE_DIR)/Pods-UberCloneCoding-checkManifestLockResult.txt",
			);
			runOnlyForDeploymentPostprocessing = 0;
			shellPath = /bin/sh;
			shellScript = "diff \"${PODS_PODFILE_DIR_PATH}/Podfile.lock\" \"${PODS_ROOT}/Manifest.lock\" > /dev/null\nif [ $? != 0 ] ; then\n    # print error to STDERR\n    echo \"error: The sandbox is not in sync with the Podfile.lock. Run 'pod install' or update your CocoaPods installation.\" >&2\n    exit 1\nfi\n# This output is used by Xcode 'outputs' to avoid re-running this script phase.\necho \"SUCCESS\" > \"${SCRIPT_OUTPUT_FILE_0}\"\n";
			showEnvVarsInLog = 0;
		};
/* End PBXShellScriptBuildPhase section */

/* Begin PBXSourcesBuildPhase section */
		D8DEDCBF282B77720081A172 /* Sources */ = {
			isa = PBXSourcesBuildPhase;
			buildActionMask = 2147483647;
			files = (
				D8DEDCE6282B95EB0081A172 /* SignUpController.swift in Sources */,
				D8DEDCE8282BA5CD0081A172 /* AuthButton.swift in Sources */,
				D80802AF282D507500B58ADD /* HomeController.swift in Sources */,
				D8DEDCC7282B77720081A172 /* AppDelegate.swift in Sources */,
				D8DEDCE2282B79870081A172 /* LoginController.swift in Sources */,
				D8DEDCC9282B77720081A172 /* SceneDelegate.swift in Sources */,
				D8DEDCE4282B7DD90081A172 /* Extensions.swift in Sources */,
			);
			runOnlyForDeploymentPostprocessing = 0;
		};
/* End PBXSourcesBuildPhase section */

/* Begin PBXVariantGroup section */
		D8DEDCCC282B77720081A172 /* Main.storyboard */ = {
			isa = PBXVariantGroup;
			children = (
				D8DEDCCD282B77720081A172 /* Base */,
			);
			name = Main.storyboard;
			sourceTree = "<group>";
		};
		D8DEDCD1282B77750081A172 /* LaunchScreen.storyboard */ = {
			isa = PBXVariantGroup;
			children = (
				D8DEDCD2282B77750081A172 /* Base */,
			);
			name = LaunchScreen.storyboard;
			sourceTree = "<group>";
		};
/* End PBXVariantGroup section */

/* Begin XCBuildConfiguration section */
		D8DEDCD5282B77750081A172 /* Debug */ = {
			isa = XCBuildConfiguration;
			buildSettings = {
				ALWAYS_SEARCH_USER_PATHS = NO;
				CLANG_ANALYZER_NONNULL = YES;
				CLANG_ANALYZER_NUMBER_OBJECT_CONVERSION = YES_AGGRESSIVE;
				CLANG_CXX_LANGUAGE_STANDARD = "gnu++17";
				CLANG_ENABLE_MODULES = YES;
				CLANG_ENABLE_OBJC_ARC = YES;
				CLANG_ENABLE_OBJC_WEAK = YES;
				CLANG_WARN_BLOCK_CAPTURE_AUTORELEASING = YES;
				CLANG_WARN_BOOL_CONVERSION = YES;
				CLANG_WARN_COMMA = YES;
				CLANG_WARN_CONSTANT_CONVERSION = YES;
				CLANG_WARN_DEPRECATED_OBJC_IMPLEMENTATIONS = YES;
				CLANG_WARN_DIRECT_OBJC_ISA_USAGE = YES_ERROR;
				CLANG_WARN_DOCUMENTATION_COMMENTS = YES;
				CLANG_WARN_EMPTY_BODY = YES;
				CLANG_WARN_ENUM_CONVERSION = YES;
				CLANG_WARN_INFINITE_RECURSION = YES;
				CLANG_WARN_INT_CONVERSION = YES;
				CLANG_WARN_NON_LITERAL_NULL_CONVERSION = YES;
				CLANG_WARN_OBJC_IMPLICIT_RETAIN_SELF = YES;
				CLANG_WARN_OBJC_LITERAL_CONVERSION = YES;
				CLANG_WARN_OBJC_ROOT_CLASS = YES_ERROR;
				CLANG_WARN_QUOTED_INCLUDE_IN_FRAMEWORK_HEADER = YES;
				CLANG_WARN_RANGE_LOOP_ANALYSIS = YES;
				CLANG_WARN_STRICT_PROTOTYPES = YES;
				CLANG_WARN_SUSPICIOUS_MOVE = YES;
				CLANG_WARN_UNGUARDED_AVAILABILITY = YES_AGGRESSIVE;
				CLANG_WARN_UNREACHABLE_CODE = YES;
				CLANG_WARN__DUPLICATE_METHOD_MATCH = YES;
				COPY_PHASE_STRIP = NO;
				DEBUG_INFORMATION_FORMAT = dwarf;
				ENABLE_STRICT_OBJC_MSGSEND = YES;
				ENABLE_TESTABILITY = YES;
				GCC_C_LANGUAGE_STANDARD = gnu11;
				GCC_DYNAMIC_NO_PIC = NO;
				GCC_NO_COMMON_BLOCKS = YES;
				GCC_OPTIMIZATION_LEVEL = 0;
				GCC_PREPROCESSOR_DEFINITIONS = (
					"DEBUG=1",
					"$(inherited)",
				);
				GCC_WARN_64_TO_32_BIT_CONVERSION = YES;
				GCC_WARN_ABOUT_RETURN_TYPE = YES_ERROR;
				GCC_WARN_UNDECLARED_SELECTOR = YES;
				GCC_WARN_UNINITIALIZED_AUTOS = YES_AGGRESSIVE;
				GCC_WARN_UNUSED_FUNCTION = YES;
				GCC_WARN_UNUSED_VARIABLE = YES;
				IPHONEOS_DEPLOYMENT_TARGET = 15.4;
				MTL_ENABLE_DEBUG_INFO = INCLUDE_SOURCE;
				MTL_FAST_MATH = YES;
				ONLY_ACTIVE_ARCH = YES;
				SDKROOT = iphoneos;
				SWIFT_ACTIVE_COMPILATION_CONDITIONS = DEBUG;
				SWIFT_OPTIMIZATION_LEVEL = "-Onone";
			};
			name = Debug;
		};
		D8DEDCD6282B77750081A172 /* Release */ = {
			isa = XCBuildConfiguration;
			buildSettings = {
				ALWAYS_SEARCH_USER_PATHS = NO;
				CLANG_ANALYZER_NONNULL = YES;
				CLANG_ANALYZER_NUMBER_OBJECT_CONVERSION = YES_AGGRESSIVE;
				CLANG_CXX_LANGUAGE_STANDARD = "gnu++17";
				CLANG_ENABLE_MODULES = YES;
				CLANG_ENABLE_OBJC_ARC = YES;
				CLANG_ENABLE_OBJC_WEAK = YES;
				CLANG_WARN_BLOCK_CAPTURE_AUTORELEASING = YES;
				CLANG_WARN_BOOL_CONVERSION = YES;
				CLANG_WARN_COMMA = YES;
				CLANG_WARN_CONSTANT_CONVERSION = YES;
				CLANG_WARN_DEPRECATED_OBJC_IMPLEMENTATIONS = YES;
				CLANG_WARN_DIRECT_OBJC_ISA_USAGE = YES_ERROR;
				CLANG_WARN_DOCUMENTATION_COMMENTS = YES;
				CLANG_WARN_EMPTY_BODY = YES;
				CLANG_WARN_ENUM_CONVERSION = YES;
				CLANG_WARN_INFINITE_RECURSION = YES;
				CLANG_WARN_INT_CONVERSION = YES;
				CLANG_WARN_NON_LITERAL_NULL_CONVERSION = YES;
				CLANG_WARN_OBJC_IMPLICIT_RETAIN_SELF = YES;
				CLANG_WARN_OBJC_LITERAL_CONVERSION = YES;
				CLANG_WARN_OBJC_ROOT_CLASS = YES_ERROR;
				CLANG_WARN_QUOTED_INCLUDE_IN_FRAMEWORK_HEADER = YES;
				CLANG_WARN_RANGE_LOOP_ANALYSIS = YES;
				CLANG_WARN_STRICT_PROTOTYPES = YES;
				CLANG_WARN_SUSPICIOUS_MOVE = YES;
				CLANG_WARN_UNGUARDED_AVAILABILITY = YES_AGGRESSIVE;
				CLANG_WARN_UNREACHABLE_CODE = YES;
				CLANG_WARN__DUPLICATE_METHOD_MATCH = YES;
				COPY_PHASE_STRIP = NO;
				DEBUG_INFORMATION_FORMAT = "dwarf-with-dsym";
				ENABLE_NS_ASSERTIONS = NO;
				ENABLE_STRICT_OBJC_MSGSEND = YES;
				GCC_C_LANGUAGE_STANDARD = gnu11;
				GCC_NO_COMMON_BLOCKS = YES;
				GCC_WARN_64_TO_32_BIT_CONVERSION = YES;
				GCC_WARN_ABOUT_RETURN_TYPE = YES_ERROR;
				GCC_WARN_UNDECLARED_SELECTOR = YES;
				GCC_WARN_UNINITIALIZED_AUTOS = YES_AGGRESSIVE;
				GCC_WARN_UNUSED_FUNCTION = YES;
				GCC_WARN_UNUSED_VARIABLE = YES;
				IPHONEOS_DEPLOYMENT_TARGET = 15.4;
				MTL_ENABLE_DEBUG_INFO = NO;
				MTL_FAST_MATH = YES;
				SDKROOT = iphoneos;
				SWIFT_COMPILATION_MODE = wholemodule;
				SWIFT_OPTIMIZATION_LEVEL = "-O";
				VALIDATE_PRODUCT = YES;
			};
			name = Release;
		};
		D8DEDCD8282B77750081A172 /* Debug */ = {
			isa = XCBuildConfiguration;
			baseConfigurationReference = A248081793F76222466F961F /* Pods-UberCloneCoding.debug.xcconfig */;
			buildSettings = {
				ASSETCATALOG_COMPILER_APPICON_NAME = AppIcon;
				ASSETCATALOG_COMPILER_GLOBAL_ACCENT_COLOR_NAME = AccentColor;
				CODE_SIGN_STYLE = Automatic;
				CURRENT_PROJECT_VERSION = 1;
				DEVELOPMENT_TEAM = SLD3XB8ML6;
				GENERATE_INFOPLIST_FILE = YES;
				INFOPLIST_FILE = UberCloneCoding/Info.plist;
				INFOPLIST_KEY_UIApplicationSupportsIndirectInputEvents = YES;
				INFOPLIST_KEY_UILaunchStoryboardName = LaunchScreen;
				INFOPLIST_KEY_UIMainStoryboardFile = Main;
				INFOPLIST_KEY_UISupportedInterfaceOrientations_iPad = "UIInterfaceOrientationPortrait UIInterfaceOrientationPortraitUpsideDown UIInterfaceOrientationLandscapeLeft UIInterfaceOrientationLandscapeRight";
				INFOPLIST_KEY_UISupportedInterfaceOrientations_iPhone = "UIInterfaceOrientationPortrait UIInterfaceOrientationLandscapeLeft UIInterfaceOrientationLandscapeRight";
				LD_RUNPATH_SEARCH_PATHS = (
					"$(inherited)",
					"@executable_path/Frameworks",
				);
				MARKETING_VERSION = 1.0;
				PRODUCT_BUNDLE_IDENTIFIER = neuli.UberCloneCoding;
				PRODUCT_NAME = "$(TARGET_NAME)";
				SWIFT_EMIT_LOC_STRINGS = YES;
				SWIFT_VERSION = 5.0;
				TARGETED_DEVICE_FAMILY = "1,2";
			};
			name = Debug;
		};
		D8DEDCD9282B77750081A172 /* Release */ = {
			isa = XCBuildConfiguration;
			baseConfigurationReference = F4BE5B5636D60E24CDB048DE /* Pods-UberCloneCoding.release.xcconfig */;
			buildSettings = {
				ASSETCATALOG_COMPILER_APPICON_NAME = AppIcon;
				ASSETCATALOG_COMPILER_GLOBAL_ACCENT_COLOR_NAME = AccentColor;
				CODE_SIGN_STYLE = Automatic;
				CURRENT_PROJECT_VERSION = 1;
				DEVELOPMENT_TEAM = SLD3XB8ML6;
				GENERATE_INFOPLIST_FILE = YES;
				INFOPLIST_FILE = UberCloneCoding/Info.plist;
				INFOPLIST_KEY_UIApplicationSupportsIndirectInputEvents = YES;
				INFOPLIST_KEY_UILaunchStoryboardName = LaunchScreen;
				INFOPLIST_KEY_UIMainStoryboardFile = Main;
				INFOPLIST_KEY_UISupportedInterfaceOrientations_iPad = "UIInterfaceOrientationPortrait UIInterfaceOrientationPortraitUpsideDown UIInterfaceOrientationLandscapeLeft UIInterfaceOrientationLandscapeRight";
				INFOPLIST_KEY_UISupportedInterfaceOrientations_iPhone = "UIInterfaceOrientationPortrait UIInterfaceOrientationLandscapeLeft UIInterfaceOrientationLandscapeRight";
				LD_RUNPATH_SEARCH_PATHS = (
					"$(inherited)",
					"@executable_path/Frameworks",
				);
				MARKETING_VERSION = 1.0;
				PRODUCT_BUNDLE_IDENTIFIER = neuli.UberCloneCoding;
				PRODUCT_NAME = "$(TARGET_NAME)";
				SWIFT_EMIT_LOC_STRINGS = YES;
				SWIFT_VERSION = 5.0;
				TARGETED_DEVICE_FAMILY = "1,2";
			};
			name = Release;
		};
/* End XCBuildConfiguration section */

/* Begin XCConfigurationList section */
		D8DEDCBE282B77720081A172 /* Build configuration list for PBXProject "UberCloneCoding" */ = {
			isa = XCConfigurationList;
			buildConfigurations = (
				D8DEDCD5282B77750081A172 /* Debug */,
				D8DEDCD6282B77750081A172 /* Release */,
			);
			defaultConfigurationIsVisible = 0;
			defaultConfigurationName = Release;
		};
		D8DEDCD7282B77750081A172 /* Build configuration list for PBXNativeTarget "UberCloneCoding" */ = {
			isa = XCConfigurationList;
			buildConfigurations = (
				D8DEDCD8282B77750081A172 /* Debug */,
				D8DEDCD9282B77750081A172 /* Release */,
			);
			defaultConfigurationIsVisible = 0;
			defaultConfigurationName = Release;
		};
/* End XCConfigurationList section */
	};
	rootObject = D8DEDCBB282B77720081A172 /* Project object */;
}
